# Windows amd64 / CPython 3.13 admin-full runtime lock.
# The included search lock and every administration-only package are exact.
-r requirements-windows-search.lock
cffi==2.1.1
cryptography==45.0.6
et_xmlfile==2.0.0
Jinja2==3.1.6
joblib==1.5.3
lxml==6.1.1
MarkupSafe==3.0.3
ml_dtypes==0.5.4
narwhals==2.24.0
networkx==3.6.1
onnx==1.22.0
openpyxl==3.1.5
optimum-onnx==0.0.3
optimum[onnxruntime]==2.0.0
pillow==12.3.0
pycparser==3.0
pypdf==6.0.0
python-docx==1.2.0
python-pptx==1.0.2
scikit-learn==1.9.0
scipy==1.18.0
sentence-transformers==5.1.0
setuptools==84.0.0
threadpoolctl==3.6.0
torch==2.13.0
xlsxwriter==3.2.9
